{
    "_readme": [
        "This file locks the dependencies of your project to a known state",
        "Read more about it at http://getcomposer.org/doc/01-basic-usage.md#composer-lock-the-lock-file",
        "This file is @generated automatically"
    ],
    "hash": "4874948902c37897d53185015af60828",
    "packages": [
        {
            "name": "smarty/smarty",
            "version": "v3.1.21",
            "source": {
                "type": "git",
                "url": "https://github.com/uwetews/smarty3-dist.git",
                "reference": "1441f32fce8494a0b153551fe2b659f5ce8e7eed"
            },
            "dist": {
                "type": "zip",
                "url": "https://api.github.com/repos/uwetews/smarty3-dist/zipball/1441f32fce8494a0b153551fe2b659f5ce8e7eed",
                "reference": "1441f32fce8494a0b153551fe2b659f5ce8e7eed",
                "shasum": ""
            },
            "require": {
                "php": ">=5.2"
            },
            "type": "library",
            "extra": {
                "branch-alias": {
                    "dev-master": "3.1.x-dev"
                }
            },
            "autoload": {
                "classmap": [
                    "libs/Smarty.class.php",
                    "libs/SmartyBC.class.php",
                    "libs/sysplugins/smarty_security.php"
                ]
            },
            "notification-url": "https://packagist.org/downloads/",
            "license": [
                "LGPL-3.0"
            ],
            "authors": [
                {
                    "name": "Monte Ohrt",
                    "email": "monte@ohrt.com"
                },
                {
                    "name": "Uwe Tews",
                    "email": "uwe.tews@googlemail.com"
                },
                {
                    "name": "Rodney Rehm",
                    "email": "rodney.rehm@medialize.de"
                }
            ],
            "description": "Smarty - the compiling PHP template engine",
            "homepage": "http://www.smarty.net",
            "keywords": [
                "templating"
            ],
            "time": "2014-10-17 23:19:29"
        },
        {
            "name": "twitter/bootstrap",
            "version": "v2.3.1",
            "source": {
                "type": "git",
                "url": "https://github.com/twbs/bootstrap.git",
                "reference": "eb24718add4dd36fe92fdbdb79e6ff4ce5919300"
            },
            "dist": {
                "type": "zip",
                "url": "https://api.github.com/repos/twbs/bootstrap/zipball/eb24718add4dd36fe92fdbdb79e6ff4ce5919300",
                "reference": "eb24718add4dd36fe92fdbdb79e6ff4ce5919300",
                "shasum": ""
            },
            "type": "library",
            "notification-url": "https://packagist.org/downloads/",
            "license": [
                "Apache-2.0"
            ],
            "description": "Sleek, intuitive, and powerful front-end framework for faster and easier web development.",
            "homepage": "http://twitter.github.com/bootstrap/",
            "keywords": [
                "bootstrap",
                "css"
            ],
            "time": "2013-03-01 05:24:27"
        }
    ],
    "packages-dev": [],
    "aliases": [],
    "minimum-stability": "stable",
    "stability-flags": [],
    "prefer-stable": false,
    "platform": [],
    "platform-dev": []
}
